
Microsoft Visual Studio Solution File, Format Version 12.00
# Visual Studio Version 16
VisualStudioVersion = 16.0.31019.35
MinimumVisualStudioVersion = 10.0.40219.1
Project("{8BC9CEB8-8B4A-11D0-8D11-00A0C91BC942}") = "uge", "uge\uge.vcxproj", "{53655211-42DD-4B55-8809-C725DF3BAFEF}"
EndProject
Project("{8BC9CEB8-8B4A-11D0-8D11-00A0C91BC942}") = "uge_tut01", "uge_tut01\uge_tut01.vcxproj", "{B5AA731C-5D8B-4C55-AB83-82C0585E51C8}"
EndProject
Project("{8BC9CEB8-8B4A-11D0-8D11-00A0C91BC942}") = "uge_tut02", "uge_tut02\uge_tut02.vcxproj", "{6E12D79B-8A4A-4EAA-BE0C-5A818B296786}"
EndProject
Project("{8BC9CEB8-8B4A-11D0-8D11-00A0C91BC942}") = "wzl", "wzl\wzl.vcxproj", "{38F317E2-3FB8-4A7F-B2F5-22E3A86F6493}"
EndProject
Global
	GlobalSection(SolutionConfigurationPlatforms) = preSolution
		Debug|x64 = Debug|x64
		Debug|x86 = Debug|x86
		Release|x64 = Release|x64
		Release|x86 = Release|x86
	EndGlobalSection
	GlobalSection(ProjectConfigurationPlatforms) = postSolution
		{53655211-42DD-4B55-8809-C725DF3BAFEF}.Debug|x64.ActiveCfg = Debug|x64
		{53655211-42DD-4B55-8809-C725DF3BAFEF}.Debug|x64.Build.0 = Debug|x64
		{53655211-42DD-4B55-8809-C725DF3BAFEF}.Debug|x86.ActiveCfg = Debug|Win32
		{53655211-42DD-4B55-8809-C725DF3BAFEF}.Debug|x86.Build.0 = Debug|Win32
		{53655211-42DD-4B55-8809-C725DF3BAFEF}.Release|x64.ActiveCfg = Release|x64
		{53655211-42DD-4B55-8809-C725DF3BAFEF}.Release|x64.Build.0 = Release|x64
		{53655211-42DD-4B55-8809-C725DF3BAFEF}.Release|x86.ActiveCfg = Release|Win32
		{53655211-42DD-4B55-8809-C725DF3BAFEF}.Release|x86.Build.0 = Release|Win32
		{B5AA731C-5D8B-4C55-AB83-82C0585E51C8}.Debug|x64.ActiveCfg = Debug|x64
		{B5AA731C-5D8B-4C55-AB83-82C0585E51C8}.Debug|x64.Build.0 = Debug|x64
		{B5AA731C-5D8B-4C55-AB83-82C0585E51C8}.Debug|x86.ActiveCfg = Debug|Win32
		{B5AA731C-5D8B-4C55-AB83-82C0585E51C8}.Debug|x86.Build.0 = Debug|Win32
		{B5AA731C-5D8B-4C55-AB83-82C0585E51C8}.Release|x64.ActiveCfg = Release|x64
		{B5AA731C-5D8B-4C55-AB83-82C0585E51C8}.Release|x64.Build.0 = Release|x64
		{B5AA731C-5D8B-4C55-AB83-82C0585E51C8}.Release|x86.ActiveCfg = Release|Win32
		{B5AA731C-5D8B-4C55-AB83-82C0585E51C8}.Release|x86.Build.0 = Release|Win32
		{6E12D79B-8A4A-4EAA-BE0C-5A818B296786}.Debug|x64.ActiveCfg = Debug|x64
		{6E12D79B-8A4A-4EAA-BE0C-5A818B296786}.Debug|x64.Build.0 = Debug|x64
		{6E12D79B-8A4A-4EAA-BE0C-5A818B296786}.Debug|x86.ActiveCfg = Debug|Win32
		{6E12D79B-8A4A-4EAA-BE0C-5A818B296786}.Debug|x86.Build.0 = Debug|Win32
		{6E12D79B-8A4A-4EAA-BE0C-5A818B296786}.Release|x64.ActiveCfg = Release|x64
		{6E12D79B-8A4A-4EAA-BE0C-5A818B296786}.Release|x64.Build.0 = Release|x64
		{6E12D79B-8A4A-4EAA-BE0C-5A818B296786}.Release|x86.ActiveCfg = Release|Win32
		{6E12D79B-8A4A-4EAA-BE0C-5A818B296786}.Release|x86.Build.0 = Release|Win32
		{38F317E2-3FB8-4A7F-B2F5-22E3A86F6493}.Debug|x64.ActiveCfg = Debug|x64
		{38F317E2-3FB8-4A7F-B2F5-22E3A86F6493}.Debug|x64.Build.0 = Debug|x64
		{38F317E2-3FB8-4A7F-B2F5-22E3A86F6493}.Debug|x86.ActiveCfg = Debug|Win32
		{38F317E2-3FB8-4A7F-B2F5-22E3A86F6493}.Debug|x86.Build.0 = Debug|Win32
		{38F317E2-3FB8-4A7F-B2F5-22E3A86F6493}.Release|x64.ActiveCfg = Release|x64
		{38F317E2-3FB8-4A7F-B2F5-22E3A86F6493}.Release|x64.Build.0 = Release|x64
		{38F317E2-3FB8-4A7F-B2F5-22E3A86F6493}.Release|x86.ActiveCfg = Release|Win32
		{38F317E2-3FB8-4A7F-B2F5-22E3A86F6493}.Release|x86.Build.0 = Release|Win32
	EndGlobalSection
	GlobalSection(SolutionProperties) = preSolution
		HideSolutionNode = FALSE
	EndGlobalSection
	GlobalSection(ExtensibilityGlobals) = postSolution
		SolutionGuid = {9DBF949E-6D59-49B6-8831-A47BCEF020F9}
	EndGlobalSection
EndGlobal
